
Microsoft Visual Studio Solution File, Format Version 12.00
# Visual Studio Version 16
VisualStudioVersion = 16.0.30804.86
MinimumVisualStudioVersion = 10.0.40219.1
Project("{8BC9CEB8-8B4A-11D0-8D11-00A0C91BC942}") = "7800cmd", "7800cmd.vcxproj", "{EEC444D0-E2FF-41B7-9C87-1583F5AC2ECA}"
EndProject
Global
	GlobalSection(SolutionConfigurationPlatforms) = preSolution
		Debug|x64 = Debug|x64
		Debug|x86 = Debug|x86
		Release|x64 = Release|x64
		Release|x86 = Release|x86
	EndGlobalSection
	GlobalSection(ProjectConfigurationPlatforms) = postSolution
		{EEC444D0-E2FF-41B7-9C87-1583F5AC2ECA}.Debug|x64.ActiveCfg = Debug|x64
		{EEC444D0-E2FF-41B7-9C87-1583F5AC2ECA}.Debug|x64.Build.0 = Debug|x64
		{EEC444D0-E2FF-41B7-9C87-1583F5AC2ECA}.Debug|x86.ActiveCfg = Debug|Win32
		{EEC444D0-E2FF-41B7-9C87-1583F5AC2ECA}.Debug|x86.Build.0 = Debug|Win32
		{EEC444D0-E2FF-41B7-9C87-1583F5AC2ECA}.Release|x64.ActiveCfg = Release|x64
		{EEC444D0-E2FF-41B7-9C87-1583F5AC2ECA}.Release|x64.Build.0 = Release|x64
		{EEC444D0-E2FF-41B7-9C87-1583F5AC2ECA}.Release|x86.ActiveCfg = Release|Win32
		{EEC444D0-E2FF-41B7-9C87-1583F5AC2ECA}.Release|x86.Build.0 = Release|Win32
	EndGlobalSection
	GlobalSection(SolutionProperties) = preSolution
		HideSolutionNode = FALSE
	EndGlobalSection
	GlobalSection(ExtensibilityGlobals) = postSolution
		SolutionGuid = {B846AB24-7B8F-43D4-A8D2-C595111BA830}
	EndGlobalSection
EndGlobal
